
Microsoft Visual Studio Solution File, Format Version 12.00
# Visual Studio Version 16
VisualStudioVersion = 16.0.30907.101
MinimumVisualStudioVersion = 10.0.40219.1
Project("{9A19103F-16F7-4668-BE54-9A1E7A4F7556}") = "FacebookCreateNew", "HelloWorld\FacebookCreateNew.csproj", "{45CDB513-5176-4518-BC48-1A8E0C310EB0}"
EndProject
Global
	GlobalSection(SolutionConfigurationPlatforms) = preSolution
		Debug|Any CPU = Debug|Any CPU
		Release|Any CPU = Release|Any CPU
	EndGlobalSection
	GlobalSection(ProjectConfigurationPlatforms) = postSolution
		{45CDB513-5176-4518-BC48-1A8E0C310EB0}.Debug|Any CPU.ActiveCfg = Debug|Any CPU
		{45CDB513-5176-4518-BC48-1A8E0C310EB0}.Debug|Any CPU.Build.0 = Debug|Any CPU
		{45CDB513-5176-4518-BC48-1A8E0C310EB0}.Release|Any CPU.ActiveCfg = Release|Any CPU
		{45CDB513-5176-4518-BC48-1A8E0C310EB0}.Release|Any CPU.Build.0 = Release|Any CPU
	EndGlobalSection
	GlobalSection(SolutionProperties) = preSolution
		HideSolutionNode = FALSE
	EndGlobalSection
	GlobalSection(ExtensibilityGlobals) = postSolution
		SolutionGuid = {DEBC9D3F-2F92-4D99-B05F-496D0CE67E87}
	EndGlobalSection
EndGlobal
